
Microsoft Visual Studio Solution File, Format Version 12.00
# Visual Studio Version 17
Project("{8BC9CEB8-8B4A-11D0-8D11-00A0C91BC942}") = "ALL_BUILD", "ALL_BUILD.vcxproj", "{9E16F2D3-8A06-3D55-83C2-7AB8377FD61F}"
	ProjectSection(ProjectDependencies) = postProject
		{1E878F65-9797-353F-B8D6-50CB1A46BF50} = {1E878F65-9797-353F-B8D6-50CB1A46BF50}
		{FE89FE3B-210C-37B3-9BF8-B65CA428ECDF} = {FE89FE3B-210C-37B3-9BF8-B65CA428ECDF}
		{93F8BE36-F979-3300-84E0-7610BE39BA2E} = {93F8BE36-F979-3300-84E0-7610BE39BA2E}
		{0D0E0BA4-B20E-3DB6-956E-D1FABE434E1C} = {0D0E0BA4-B20E-3DB6-956E-D1FABE434E1C}
	EndProjectSection
EndProject
Project("{8BC9CEB8-8B4A-11D0-8D11-00A0C91BC942}") = "EX2025_07_05-experiment-with-iterators", "src\EX2025_07_05-experiment-with-iterators\EX2025_07_05-experiment-with-iterators.vcxproj", "{1E878F65-9797-353F-B8D6-50CB1A46BF50}"
	ProjectSection(ProjectDependencies) = postProject
		{FE89FE3B-210C-37B3-9BF8-B65CA428ECDF} = {FE89FE3B-210C-37B3-9BF8-B65CA428ECDF}
	EndProjectSection
EndProject
Project("{8BC9CEB8-8B4A-11D0-8D11-00A0C91BC942}") = "ZERO_CHECK", "ZERO_CHECK.vcxproj", "{FE89FE3B-210C-37B3-9BF8-B65CA428ECDF}"
	ProjectSection(ProjectDependencies) = postProject
	EndProjectSection
EndProject
Project("{8BC9CEB8-8B4A-11D0-8D11-00A0C91BC942}") = "cpp-20s-experiments", "cpp-20s-experiments.vcxproj", "{93F8BE36-F979-3300-84E0-7610BE39BA2E}"
	ProjectSection(ProjectDependencies) = postProject
		{FE89FE3B-210C-37B3-9BF8-B65CA428ECDF} = {FE89FE3B-210C-37B3-9BF8-B65CA428ECDF}
	EndProjectSection
EndProject
Project("{8BC9CEB8-8B4A-11D0-8D11-00A0C91BC942}") = "unit_tests", "tests\unit_tests.vcxproj", "{0D0E0BA4-B20E-3DB6-956E-D1FABE434E1C}"
	ProjectSection(ProjectDependencies) = postProject
		{1E878F65-9797-353F-B8D6-50CB1A46BF50} = {1E878F65-9797-353F-B8D6-50CB1A46BF50}
		{FE89FE3B-210C-37B3-9BF8-B65CA428ECDF} = {FE89FE3B-210C-37B3-9BF8-B65CA428ECDF}
	EndProjectSection
EndProject
Global
	GlobalSection(SolutionConfigurationPlatforms) = preSolution
		Debug|x64 = Debug|x64
		Release|x64 = Release|x64
		MinSizeRel|x64 = MinSizeRel|x64
		RelWithDebInfo|x64 = RelWithDebInfo|x64
	EndGlobalSection
	GlobalSection(ProjectConfigurationPlatforms) = postSolution
		{9E16F2D3-8A06-3D55-83C2-7AB8377FD61F}.Debug|x64.ActiveCfg = Debug|x64
		{9E16F2D3-8A06-3D55-83C2-7AB8377FD61F}.Release|x64.ActiveCfg = Release|x64
		{9E16F2D3-8A06-3D55-83C2-7AB8377FD61F}.MinSizeRel|x64.ActiveCfg = MinSizeRel|x64
		{9E16F2D3-8A06-3D55-83C2-7AB8377FD61F}.RelWithDebInfo|x64.ActiveCfg = RelWithDebInfo|x64
		{1E878F65-9797-353F-B8D6-50CB1A46BF50}.Debug|x64.ActiveCfg = Debug|x64
		{1E878F65-9797-353F-B8D6-50CB1A46BF50}.Debug|x64.Build.0 = Debug|x64
		{1E878F65-9797-353F-B8D6-50CB1A46BF50}.Release|x64.ActiveCfg = Release|x64
		{1E878F65-9797-353F-B8D6-50CB1A46BF50}.Release|x64.Build.0 = Release|x64
		{1E878F65-9797-353F-B8D6-50CB1A46BF50}.MinSizeRel|x64.ActiveCfg = MinSizeRel|x64
		{1E878F65-9797-353F-B8D6-50CB1A46BF50}.MinSizeRel|x64.Build.0 = MinSizeRel|x64
		{1E878F65-9797-353F-B8D6-50CB1A46BF50}.RelWithDebInfo|x64.ActiveCfg = RelWithDebInfo|x64
		{1E878F65-9797-353F-B8D6-50CB1A46BF50}.RelWithDebInfo|x64.Build.0 = RelWithDebInfo|x64
		{FE89FE3B-210C-37B3-9BF8-B65CA428ECDF}.Debug|x64.ActiveCfg = Debug|x64
		{FE89FE3B-210C-37B3-9BF8-B65CA428ECDF}.Debug|x64.Build.0 = Debug|x64
		{FE89FE3B-210C-37B3-9BF8-B65CA428ECDF}.Release|x64.ActiveCfg = Release|x64
		{FE89FE3B-210C-37B3-9BF8-B65CA428ECDF}.Release|x64.Build.0 = Release|x64
		{FE89FE3B-210C-37B3-9BF8-B65CA428ECDF}.MinSizeRel|x64.ActiveCfg = MinSizeRel|x64
		{FE89FE3B-210C-37B3-9BF8-B65CA428ECDF}.MinSizeRel|x64.Build.0 = MinSizeRel|x64
		{FE89FE3B-210C-37B3-9BF8-B65CA428ECDF}.RelWithDebInfo|x64.ActiveCfg = RelWithDebInfo|x64
		{FE89FE3B-210C-37B3-9BF8-B65CA428ECDF}.RelWithDebInfo|x64.Build.0 = RelWithDebInfo|x64
		{93F8BE36-F979-3300-84E0-7610BE39BA2E}.Debug|x64.ActiveCfg = Debug|x64
		{93F8BE36-F979-3300-84E0-7610BE39BA2E}.Debug|x64.Build.0 = Debug|x64
		{93F8BE36-F979-3300-84E0-7610BE39BA2E}.Release|x64.ActiveCfg = Release|x64
		{93F8BE36-F979-3300-84E0-7610BE39BA2E}.Release|x64.Build.0 = Release|x64
		{93F8BE36-F979-3300-84E0-7610BE39BA2E}.MinSizeRel|x64.ActiveCfg = MinSizeRel|x64
		{93F8BE36-F979-3300-84E0-7610BE39BA2E}.MinSizeRel|x64.Build.0 = MinSizeRel|x64
		{93F8BE36-F979-3300-84E0-7610BE39BA2E}.RelWithDebInfo|x64.ActiveCfg = RelWithDebInfo|x64
		{93F8BE36-F979-3300-84E0-7610BE39BA2E}.RelWithDebInfo|x64.Build.0 = RelWithDebInfo|x64
		{0D0E0BA4-B20E-3DB6-956E-D1FABE434E1C}.Debug|x64.ActiveCfg = Debug|x64
		{0D0E0BA4-B20E-3DB6-956E-D1FABE434E1C}.Debug|x64.Build.0 = Debug|x64
		{0D0E0BA4-B20E-3DB6-956E-D1FABE434E1C}.Release|x64.ActiveCfg = Release|x64
		{0D0E0BA4-B20E-3DB6-956E-D1FABE434E1C}.Release|x64.Build.0 = Release|x64
		{0D0E0BA4-B20E-3DB6-956E-D1FABE434E1C}.MinSizeRel|x64.ActiveCfg = MinSizeRel|x64
		{0D0E0BA4-B20E-3DB6-956E-D1FABE434E1C}.MinSizeRel|x64.Build.0 = MinSizeRel|x64
		{0D0E0BA4-B20E-3DB6-956E-D1FABE434E1C}.RelWithDebInfo|x64.ActiveCfg = RelWithDebInfo|x64
		{0D0E0BA4-B20E-3DB6-956E-D1FABE434E1C}.RelWithDebInfo|x64.Build.0 = RelWithDebInfo|x64
	EndGlobalSection
	GlobalSection(ExtensibilityGlobals) = postSolution
		SolutionGuid = {18D1D5BD-9CDC-37EE-B70E-392678436828}
	EndGlobalSection
	GlobalSection(ExtensibilityAddIns) = postSolution
	EndGlobalSection
EndGlobal
