<?xml version="1.0" encoding="utf-8"?>
<Project ToolsVersion="17.0" xmlns="http://schemas.microsoft.com/developer/msbuild/2003">
  <ItemGroup>
    <CustomBuild Include="D:\my-github\dzharii_cpp-20s-experiments\build-release\CMakeFiles\8f46b29395956af647cc80836b52ad92\generate.stamp.rule">
      <Filter>CMake Rules</Filter>
    </CustomBuild>
  </ItemGroup>
  <ItemGroup>
    <Filter Include="CMake Rules">
      <UniqueIdentifier>{28BB525D-7227-35FF-8E32-CAB71382A20F}</UniqueIdentifier>
    </Filter>
  </ItemGroup>
</Project>
